
Microsoft Visual Studio Solution File, Format Version 12.00
# Visual Studio Version 16
VisualStudioVersion = 16.0.31911.196
MinimumVisualStudioVersion = 10.0.40219.1
Project("{FAE04EC0-301F-11D3-BF4B-00C04F79EFBC}") = "WebApplication", "WebApplication.csproj", "{21FF1135-CF68-4215-9857-1C3CBF06FA3E}"
EndProject
Global
	GlobalSection(SolutionConfigurationPlatforms) = preSolution
		Debug|Any CPU = Debug|Any CPU
		Release|Any CPU = Release|Any CPU
	EndGlobalSection
	GlobalSection(ProjectConfigurationPlatforms) = postSolution
		{21FF1135-CF68-4215-9857-1C3CBF06FA3E}.Debug|Any CPU.ActiveCfg = Debug|Any CPU
		{21FF1135-CF68-4215-9857-1C3CBF06FA3E}.Debug|Any CPU.Build.0 = Debug|Any CPU
		{21FF1135-CF68-4215-9857-1C3CBF06FA3E}.Release|Any CPU.ActiveCfg = Release|Any CPU
		{21FF1135-CF68-4215-9857-1C3CBF06FA3E}.Release|Any CPU.Build.0 = Release|Any CPU
	EndGlobalSection
	GlobalSection(SolutionProperties) = preSolution
		HideSolutionNode = FALSE
	EndGlobalSection
	GlobalSection(ExtensibilityGlobals) = postSolution
		SolutionGuid = {7CA96451-92DA-417E-BE23-2C3C49A1307C}
	EndGlobalSection
EndGlobal
